
Microsoft Visual Studio Solution File, Format Version 12.00
# Visual Studio Version 17
VisualStudioVersion = 17.8.34511.84
MinimumVisualStudioVersion = 10.0.40219.1
Project("{FAE04EC0-301F-11D3-BF4B-00C04F79EFBC}") = "BGFiggerWPF", "BGFiggerWPF\BGFiggerWPF.csproj", "{4339EBEB-53AF-43E5-96DA-93559E312491}"
EndProject
Global
	GlobalSection(SolutionConfigurationPlatforms) = preSolution
		Debug|Any CPU = Debug|Any CPU
		Release|Any CPU = Release|Any CPU
	EndGlobalSection
	GlobalSection(ProjectConfigurationPlatforms) = postSolution
		{4339EBEB-53AF-43E5-96DA-93559E312491}.Debug|Any CPU.ActiveCfg = Debug|Any CPU
		{4339EBEB-53AF-43E5-96DA-93559E312491}.Debug|Any CPU.Build.0 = Debug|Any CPU
		{4339EBEB-53AF-43E5-96DA-93559E312491}.Release|Any CPU.ActiveCfg = Release|Any CPU
		{4339EBEB-53AF-43E5-96DA-93559E312491}.Release|Any CPU.Build.0 = Release|Any CPU
	EndGlobalSection
	GlobalSection(SolutionProperties) = preSolution
		HideSolutionNode = FALSE
	EndGlobalSection
	GlobalSection(ExtensibilityGlobals) = postSolution
		SolutionGuid = {9EF8E2BF-BED9-4928-ABE2-9BB66AEBC76E}
	EndGlobalSection
EndGlobal
